
Microsoft Visual Studio Solution File, Format Version 12.00
# Visual Studio Version 17
VisualStudioVersion = 17.10.34902.84
MinimumVisualStudioVersion = 10.0.40219.1
Project("{FAE04EC0-301F-11D3-BF4B-00C04F79EFBC}") = "BusinessObjects", "BusinessObjects,\BusinessObjects.csproj", "{9BC003B7-5C4C-45A0-93F2-FC4350EBFE2C}"
EndProject
Project("{FAE04EC0-301F-11D3-BF4B-00C04F79EFBC}") = "DataAccessLayer", "DataAccessLayer\DataAccessLayer.csproj", "{731DF9B1-8FDB-45F8-B81C-AE2126C10A21}"
EndProject
Project("{FAE04EC0-301F-11D3-BF4B-00C04F79EFBC}") = "Repositories", "Repositories\Repositories.csproj", "{77C89C73-30AC-4693-B5D4-5A5EEE4AF4AD}"
EndProject
Project("{FAE04EC0-301F-11D3-BF4B-00C04F79EFBC}") = "Services", "Services\Services.csproj", "{2613EC6B-FBF6-439D-89CC-A077B05547FB}"
EndProject
Project("{FAE04EC0-301F-11D3-BF4B-00C04F79EFBC}") = "WpfApp", "WpfApp\WpfApp.csproj", "{87362C32-24E4-435B-B81A-8C08293E9EB8}"
EndProject
Global
	GlobalSection(SolutionConfigurationPlatforms) = preSolution
		Debug|Any CPU = Debug|Any CPU
		Release|Any CPU = Release|Any CPU
	EndGlobalSection
	GlobalSection(ProjectConfigurationPlatforms) = postSolution
		{9BC003B7-5C4C-45A0-93F2-FC4350EBFE2C}.Debug|Any CPU.ActiveCfg = Debug|Any CPU
		{9BC003B7-5C4C-45A0-93F2-FC4350EBFE2C}.Debug|Any CPU.Build.0 = Debug|Any CPU
		{9BC003B7-5C4C-45A0-93F2-FC4350EBFE2C}.Release|Any CPU.ActiveCfg = Release|Any CPU
		{9BC003B7-5C4C-45A0-93F2-FC4350EBFE2C}.Release|Any CPU.Build.0 = Release|Any CPU
		{731DF9B1-8FDB-45F8-B81C-AE2126C10A21}.Debug|Any CPU.ActiveCfg = Debug|Any CPU
		{731DF9B1-8FDB-45F8-B81C-AE2126C10A21}.Debug|Any CPU.Build.0 = Debug|Any CPU
		{731DF9B1-8FDB-45F8-B81C-AE2126C10A21}.Release|Any CPU.ActiveCfg = Release|Any CPU
		{731DF9B1-8FDB-45F8-B81C-AE2126C10A21}.Release|Any CPU.Build.0 = Release|Any CPU
		{77C89C73-30AC-4693-B5D4-5A5EEE4AF4AD}.Debug|Any CPU.ActiveCfg = Debug|Any CPU
		{77C89C73-30AC-4693-B5D4-5A5EEE4AF4AD}.Debug|Any CPU.Build.0 = Debug|Any CPU
		{77C89C73-30AC-4693-B5D4-5A5EEE4AF4AD}.Release|Any CPU.ActiveCfg = Release|Any CPU
		{77C89C73-30AC-4693-B5D4-5A5EEE4AF4AD}.Release|Any CPU.Build.0 = Release|Any CPU
		{2613EC6B-FBF6-439D-89CC-A077B05547FB}.Debug|Any CPU.ActiveCfg = Debug|Any CPU
		{2613EC6B-FBF6-439D-89CC-A077B05547FB}.Debug|Any CPU.Build.0 = Debug|Any CPU
		{2613EC6B-FBF6-439D-89CC-A077B05547FB}.Release|Any CPU.ActiveCfg = Release|Any CPU
		{2613EC6B-FBF6-439D-89CC-A077B05547FB}.Release|Any CPU.Build.0 = Release|Any CPU
		{87362C32-24E4-435B-B81A-8C08293E9EB8}.Debug|Any CPU.ActiveCfg = Debug|Any CPU
		{87362C32-24E4-435B-B81A-8C08293E9EB8}.Debug|Any CPU.Build.0 = Debug|Any CPU
		{87362C32-24E4-435B-B81A-8C08293E9EB8}.Release|Any CPU.ActiveCfg = Release|Any CPU
		{87362C32-24E4-435B-B81A-8C08293E9EB8}.Release|Any CPU.Build.0 = Release|Any CPU
	EndGlobalSection
	GlobalSection(SolutionProperties) = preSolution
		HideSolutionNode = FALSE
	EndGlobalSection
	GlobalSection(ExtensibilityGlobals) = postSolution
		SolutionGuid = {87B3B524-7491-440E-B818-4778ADEDB593}
	EndGlobalSection
EndGlobal
